
Microsoft Visual Studio Solution File, Format Version 12.00
# Visual Studio Version 16
VisualStudioVersion = 16.0.30611.23
MinimumVisualStudioVersion = 10.0.40219.1
Project("{FAE04EC0-301F-11D3-BF4B-00C04F79EFBC}") = "ShareUp", "ShareUp\ShareUp.csproj", "{D2E4D8A1-76C2-4CFE-B0B5-B81BD4F24D33}"
EndProject
Global
	GlobalSection(SolutionConfigurationPlatforms) = preSolution
		Debug|Any CPU = Debug|Any CPU
		Release|Any CPU = Release|Any CPU
	EndGlobalSection
	GlobalSection(ProjectConfigurationPlatforms) = postSolution
		{D2E4D8A1-76C2-4CFE-B0B5-B81BD4F24D33}.Debug|Any CPU.ActiveCfg = Debug|Any CPU
		{D2E4D8A1-76C2-4CFE-B0B5-B81BD4F24D33}.Debug|Any CPU.Build.0 = Debug|Any CPU
		{D2E4D8A1-76C2-4CFE-B0B5-B81BD4F24D33}.Release|Any CPU.ActiveCfg = Release|Any CPU
		{D2E4D8A1-76C2-4CFE-B0B5-B81BD4F24D33}.Release|Any CPU.Build.0 = Release|Any CPU
	EndGlobalSection
	GlobalSection(SolutionProperties) = preSolution
		HideSolutionNode = FALSE
	EndGlobalSection
	GlobalSection(ExtensibilityGlobals) = postSolution
		SolutionGuid = {7ECC14C8-0F24-4A44-9705-F1C014469C83}
	EndGlobalSection
EndGlobal
